// !$*UTF8*$!
{
	archiveVersion = 1;
	classes = {
	};
	objectVersion = 46;
	objects = {

/* Begin PBXBuildFile section */
		1298066d39ce7ec3da60256aa224cf4b /* snappy-stubs-internal.cc in Sources */ = {isa = PBXBuildFile; fileRef = 2fb74ff42b08fc378f74b2b7af2635d0 /* snappy-stubs-internal.cc */; };
		1cc07c1a616f29eb8eec3d21fc4303e8 /* SearchPath.cpp in Sources */ = {isa = PBXBuildFile; fileRef = 8d76b424a6df4d70aaccdbae8091beb8 /* SearchPath.cpp */; };
		3bfc7cf50beb0307821b90a6d3ea98cd /* lz4.c in Sources */ = {isa = PBXBuildFile; fileRef = 7913239832bbbf6b56ed260010801e8c /* lz4.c */; };
		3c9a355a55d68a8e882fef85fa1ef587 /* RegexPathFilter.cpp in Sources */ = {isa = PBXBuildFile; fileRef = 13d68f0c2cae7809d621924cd66c570b /* RegexPathFilter.cpp */; };
		4b14cedcc7195a4d1f8e28b4f9635a89 /* ofApp.cpp in Sources */ = {isa = PBXBuildFile; fileRef = 19c22cd05d10f78b32ff80c6be3a9385 /* ofApp.cpp */; };
		51667194330cbd16f8345b692ff776f3 /* DirectoryWatcher.cpp in Sources */ = {isa = PBXBuildFile; fileRef = 59fffeb1e84f1fce994ef499bf21781e /* DirectoryWatcher.cpp */; };
		5bb82711925a3764235c2ceb757c45d5 /* FileExtensionFilter.cpp in Sources */ = {isa = PBXBuildFile; fileRef = 6bd291fb03292c6d352c26fe68f15269 /* FileExtensionFilter.cpp */; };
		66a80fd312926deb8c9fe7f6f2faa063 /* ByteBufferUtils.cpp in Sources */ = {isa = PBXBuildFile; fileRef = fe5b3b19544657b6f9ccca03b257d204 /* ByteBufferUtils.cpp */; };
		84fed53b4ceb4c25c00e172b77176df1 /* DirectoryFilter.cpp in Sources */ = {isa = PBXBuildFile; fileRef = e362e12547978ab05aba9c571e8283c4 /* DirectoryFilter.cpp */; };
		868bedc19b53fd512d7e3100bcae13c5 /* snappy.cc in Sources */ = {isa = PBXBuildFile; fileRef = 7362d621e1b9a92f5f4ac73b38061e0d /* snappy.cc */; };
		86b56e23d787a5f24641398fd393657d /* LinkFilter.cpp in Sources */ = {isa = PBXBuildFile; fileRef = 370da13018950e5bff8cf171337edd91 /* LinkFilter.cpp */; };
		93640c223a2f5bead6da2e35071b167e /* Compression.cpp in Sources */ = {isa = PBXBuildFile; fileRef = 2fc8e2266fe2f5545775a16df2f8d514 /* Compression.cpp */; };
		BBAB23CB13894F3D00AA2426 /* GLUT.framework in CopyFiles */ = {isa = PBXBuildFile; fileRef = BBAB23BE13894E4700AA2426 /* GLUT.framework */; };
		E4328149138ABC9F0047C5CB /* openFrameworksDebug.a in Frameworks */ = {isa = PBXBuildFile; fileRef = E4328148138ABC890047C5CB /* openFrameworksDebug.a */; };
		E45BE97B0E8CC7DD009D7055 /* AGL.framework in Frameworks */ = {isa = PBXBuildFile; fileRef = E45BE9710E8CC7DD009D7055 /* AGL.framework */; };
		E45BE97C0E8CC7DD009D7055 /* ApplicationServices.framework in Frameworks */ = {isa = PBXBuildFile; fileRef = E45BE9720E8CC7DD009D7055 /* ApplicationServices.framework */; };
		E45BE97D0E8CC7DD009D7055 /* AudioToolbox.framework in Frameworks */ = {isa = PBXBuildFile; fileRef = E45BE9730E8CC7DD009D7055 /* AudioToolbox.framework */; };
		E45BE97F0E8CC7DD009D7055 /* CoreAudio.framework in Frameworks */ = {isa = PBXBuildFile; fileRef = E45BE9750E8CC7DD009D7055 /* CoreAudio.framework */; };
		E45BE9800E8CC7DD009D7055 /* CoreFoundation.framework in Frameworks */ = {isa = PBXBuildFile; fileRef = E45BE9760E8CC7DD009D7055 /* CoreFoundation.framework */; };
		E45BE9810E8CC7DD009D7055 /* CoreServices.framework in Frameworks */ = {isa = PBXBuildFile; fileRef = E45BE9770E8CC7DD009D7055 /* CoreServices.framework */; };
		E45BE9830E8CC7DD009D7055 /* OpenGL.framework in Frameworks */ = {isa = PBXBuildFile; fileRef = E45BE9790E8CC7DD009D7055 /* OpenGL.framework */; };
		E45BE9840E8CC7DD009D7055 /* QuickTime.framework in Frameworks */ = {isa = PBXBuildFile; fileRef = E45BE97A0E8CC7DD009D7055 /* QuickTime.framework */; };
		E4B69E200A3A1BDC003C02F2 /* main.cpp in Sources */ = {isa = PBXBuildFile; fileRef = E4B69E1D0A3A1BDC003C02F2 /* main.cpp */; };
		E4C2424710CC5A17004149E2 /* AppKit.framework in Frameworks */ = {isa = PBXBuildFile; fileRef = E4C2424410CC5A17004149E2 /* AppKit.framework */; };
		E4C2424810CC5A17004149E2 /* Cocoa.framework in Frameworks */ = {isa = PBXBuildFile; fileRef = E4C2424510CC5A17004149E2 /* Cocoa.framework */; };
		E4C2424910CC5A17004149E2 /* IOKit.framework in Frameworks */ = {isa = PBXBuildFile; fileRef = E4C2424610CC5A17004149E2 /* IOKit.framework */; };
		E4EB6799138ADC1D00A09F29 /* GLUT.framework in Frameworks */ = {isa = PBXBuildFile; fileRef = BBAB23BE13894E4700AA2426 /* GLUT.framework */; };
		E7E077E515D3B63C0020DFD4 /* CoreVideo.framework in Frameworks */ = {isa = PBXBuildFile; fileRef = E7E077E415D3B63C0020DFD4 /* CoreVideo.framework */; };
		E7E077E815D3B6510020DFD4 /* QTKit.framework in Frameworks */ = {isa = PBXBuildFile; fileRef = E7E077E715D3B6510020DFD4 /* QTKit.framework */; };
		E7F985F815E0DEA3003869B5 /* Accelerate.framework in Frameworks */ = {isa = PBXBuildFile; fileRef = E7F985F515E0DE99003869B5 /* Accelerate.framework */; };
		b3e6d60405574847412d7441c2743467 /* HiddenFileFilter.cpp in Sources */ = {isa = PBXBuildFile; fileRef = fcaf85b857266c511db50341e61e807d /* HiddenFileFilter.cpp */; };
		b7e0003b826cba379a3f66e51f36f6b8 /* PathFilterCollection.cpp in Sources */ = {isa = PBXBuildFile; fileRef = 5114d2af276e4e6e9a67b34240f124de /* PathFilterCollection.cpp */; };
		be177617474f11f05e9260fc7f73d21c /* DirectoryWatcherManager.cpp in Sources */ = {isa = PBXBuildFile; fileRef = 0b6179498d0110bd2e161373d141a6c9 /* DirectoryWatcherManager.cpp */; };
		bfb6c2dabb7995e4e5a30dd41b942c7e /* RecursiveDirectoryIterator.cpp in Sources */ = {isa = PBXBuildFile; fileRef = 06ed1882d0056fb439aab3e70e86d912 /* RecursiveDirectoryIterator.cpp */; };
		ca92728f8f4d9f34c80adc58ffe32cab /* RecursiveDirectoryIteratorStategies.cpp in Sources */ = {isa = PBXBuildFile; fileRef = 8760f716adafe5917959d49831f489ec /* RecursiveDirectoryIteratorStategies.cpp */; };
		cdb5b1d2d12f42502906f30f46736926 /* DeviceFilter.cpp in Sources */ = {isa = PBXBuildFile; fileRef = 00f3330a5debd082cee0c12cf6dab546 /* DeviceFilter.cpp */; };
		cefd3ccab8b3251dfcaaa0ee9e26c62a /* DirectoryUtils.cpp in Sources */ = {isa = PBXBuildFile; fileRef = 9a967d1fafa98a7cbbfa4f5530702894 /* DirectoryUtils.cpp */; };
		d81a435ce7fdf51b41956210fe74ee12 /* snappy-sinksource.cc in Sources */ = {isa = PBXBuildFile; fileRef = 9a430d6bd10dc31ae2d07da0694c79c8 /* snappy-sinksource.cc */; };
		d932a5a24fcf08ae510a265d01807a32 /* ByteBuffer.cpp in Sources */ = {isa = PBXBuildFile; fileRef = 93384835c77bd4299f8a7f9032e427d9 /* ByteBuffer.cpp */; };
		ee3a0581bc0ed0fb1041c3be8237891e /* Encoding.cpp in Sources */ = {isa = PBXBuildFile; fileRef = 362d5b0e0ebec0da6710a4301fc8ce18 /* Encoding.cpp */; };
/* End PBXBuildFile section */

/* Begin PBXContainerItemProxy section */
		E4328147138ABC890047C5CB /* PBXContainerItemProxy */ = {
			isa = PBXContainerItemProxy;
			containerPortal = E4328143138ABC890047C5CB /* openFrameworksLib.xcodeproj */;
			proxyType = 2;
			remoteGlobalIDString = E4B27C1510CBEB8E00536013;
			remoteInfo = openFrameworks;
		};
		E4EEB9AB138B136A00A80321 /* PBXContainerItemProxy */ = {
			isa = PBXContainerItemProxy;
			containerPortal = E4328143138ABC890047C5CB /* openFrameworksLib.xcodeproj */;
			proxyType = 1;
			remoteGlobalIDString = E4B27C1410CBEB8E00536013;
			remoteInfo = openFrameworks;
		};
/* End PBXContainerItemProxy section */

/* Begin PBXCopyFilesBuildPhase section */
		E4C2427710CC5ABF004149E2 /* CopyFiles */ = {
			isa = PBXCopyFilesBuildPhase;
			buildActionMask = 2147483647;
			dstPath = "";
			dstSubfolderSpec = 10;
			files = (
				BBAB23CB13894F3D00AA2426 /* GLUT.framework in CopyFiles */,
			);
			runOnlyForDeploymentPostprocessing = 0;
		};
/* End PBXCopyFilesBuildPhase section */

/* Begin PBXFileReference section */
		00f3330a5debd082cee0c12cf6dab546 /* DeviceFilter.cpp */ = {isa = PBXFileReference; explicitFileType = sourcecode.cpp.cpp; fileEncoding = 30; name = DeviceFilter.cpp; path = ../../../addons/ofxIO/libs/ofxIO/src/DeviceFilter.cpp; sourceTree = SOURCE_ROOT; };
		038270da6aca13e6c027a07225dbc257 /* UniqueExpireCache.h */ = {isa = PBXFileReference; explicitFileType = sourcecode.c.h; fileEncoding = 30; name = UniqueExpireCache.h; path = ../../../addons/ofxIO/libs/ofxIO/include/ofx/UniqueExpireCache.h; sourceTree = SOURCE_ROOT; };
		06ed1882d0056fb439aab3e70e86d912 /* RecursiveDirectoryIterator.cpp */ = {isa = PBXFileReference; explicitFileType = sourcecode.cpp.cpp; fileEncoding = 30; name = RecursiveDirectoryIterator.cpp; path = ../../../addons/ofxIO/libs/Poco/src/RecursiveDirectoryIterator.cpp; sourceTree = SOURCE_ROOT; };
		0b6179498d0110bd2e161373d141a6c9 /* DirectoryWatcherManager.cpp */ = {isa = PBXFileReference; explicitFileType = sourcecode.cpp.cpp; fileEncoding = 30; name = DirectoryWatcherManager.cpp; path = ../../../addons/ofxIO/libs/ofxIO/src/DirectoryWatcherManager.cpp; sourceTree = SOURCE_ROOT; };
		0fc82546c315d104cc8178d758f34945 /* PathFilterCollection.h */ = {isa = PBXFileReference; explicitFileType = sourcecode.c.h; fileEncoding = 30; name = PathFilterCollection.h; path = ../../../addons/ofxIO/libs/ofxIO/include/ofx/IO/PathFilterCollection.h; sourceTree = SOURCE_ROOT; };
		120db29f900e26b84d1a44c860f7b354 /* RecursiveDirectoryIterator.h */ = {isa = PBXFileReference; explicitFileType = sourcecode.c.h; fileEncoding = 30; name = RecursiveDirectoryIterator.h; path = ../../../addons/ofxIO/libs/Poco/Foundation/include/Poco/RecursiveDirectoryIterator.h; sourceTree = SOURCE_ROOT; };
		13d68f0c2cae7809d621924cd66c570b /* RegexPathFilter.cpp */ = {isa = PBXFileReference; explicitFileType = sourcecode.cpp.cpp; fileEncoding = 30; name = RegexPathFilter.cpp; path = ../../../addons/ofxIO/libs/ofxIO/src/RegexPathFilter.cpp; sourceTree = SOURCE_ROOT; };
		14290ed8de68778ae3023fbc92cbe43d /* LinkFilter.h */ = {isa = PBXFileReference; explicitFileType = sourcecode.c.h; fileEncoding = 30; name = LinkFilter.h; path = ../../../addons/ofxIO/libs/ofxIO/include/ofx/IO/LinkFilter.h; sourceTree = SOURCE_ROOT; };
		19c22cd05d10f78b32ff80c6be3a9385 /* ofApp.cpp */ = {isa = PBXFileReference; explicitFileType = sourcecode.cpp.cpp; fileEncoding = 30; name = ofApp.cpp; path = src/ofApp.cpp; sourceTree = SOURCE_ROOT; };
		1c011da756ff131fc46a2907c62f2414 /* FileExtensionFilter.h */ = {isa = PBXFileReference; explicitFileType = sourcecode.c.h; fileEncoding = 30; name = FileExtensionFilter.h; path = ../../../addons/ofxIO/libs/ofxIO/include/ofx/IO/FileExtensionFilter.h; sourceTree = SOURCE_ROOT; };
		290e7a250dc94d9adb967fcc414ee964 /* Encoding.h */ = {isa = PBXFileReference; explicitFileType = sourcecode.c.h; fileEncoding = 30; name = Encoding.h; path = ../../../addons/ofxIO/libs/ofxIO/include/ofx/IO/Encoding.h; sourceTree = SOURCE_ROOT; };
		2bc552b95352f479531dc424e825ea56 /* snappy-stubs-internal.h */ = {isa = PBXFileReference; explicitFileType = sourcecode.c.h; fileEncoding = 30; name = "snappy-stubs-internal.h"; path = "../../../addons/ofxIO/libs/snappy/src/snappy-stubs-internal.h"; sourceTree = SOURCE_ROOT; };
		2d170f102215cf0511959d79928d8bcb /* ByteBuffer.h */ = {isa = PBXFileReference; explicitFileType = sourcecode.c.h; fileEncoding = 30; name = ByteBuffer.h; path = ../../../addons/ofxIO/libs/ofxIO/include/ofx/IO/ByteBuffer.h; sourceTree = SOURCE_ROOT; };
		2f6c7f53a990035eb21ac78cfe46884b /* LRUCache.h */ = {isa = PBXFileReference; explicitFileType = sourcecode.c.h; fileEncoding = 30; name = LRUCache.h; path = ../../../addons/ofxIO/libs/ofxIO/include/ofx/LRUCache.h; sourceTree = SOURCE_ROOT; };
		2fb74ff42b08fc378f74b2b7af2635d0 /* snappy-stubs-internal.cc */ = {isa = PBXFileReference; explicitFileType = sourcecode.cpp.cpp; fileEncoding = 30; name = "snappy-stubs-internal.cc"; path = "../../../addons/ofxIO/libs/snappy/src/snappy-stubs-internal.cc"; sourceTree = SOURCE_ROOT; };
		2fc8e2266fe2f5545775a16df2f8d514 /* Compression.cpp */ = {isa = PBXFileReference; explicitFileType = sourcecode.cpp.cpp; fileEncoding = 30; name = Compression.cpp; path = ../../../addons/ofxIO/libs/ofxIO/src/Compression.cpp; sourceTree = SOURCE_ROOT; };
		3538d5a40c024d14f3f273bf69ce89c3 /* UniqueExpireLRUCache.h */ = {isa = PBXFileReference; explicitFileType = sourcecode.c.h; fileEncoding = 30; name = UniqueExpireLRUCache.h; path = ../../../addons/ofxIO/libs/ofxIO/include/ofx/UniqueExpireLRUCache.h; sourceTree = SOURCE_ROOT; };
		362d5b0e0ebec0da6710a4301fc8ce18 /* Encoding.cpp */ = {isa = PBXFileReference; explicitFileType = sourcecode.cpp.cpp; fileEncoding = 30; name = Encoding.cpp; path = ../../../addons/ofxIO/libs/ofxIO/src/Encoding.cpp; sourceTree = SOURCE_ROOT; };
		370da13018950e5bff8cf171337edd91 /* LinkFilter.cpp */ = {isa = PBXFileReference; explicitFileType = sourcecode.cpp.cpp; fileEncoding = 30; name = LinkFilter.cpp; path = ../../../addons/ofxIO/libs/ofxIO/src/LinkFilter.cpp; sourceTree = SOURCE_ROOT; };
		4593838c4b4bce40284aae073af1a51f /* ofxIO.h */ = {isa = PBXFileReference; explicitFileType = sourcecode.c.h; fileEncoding = 30; name = ofxIO.h; path = ../../../addons/ofxIO/src/ofxIO.h; sourceTree = SOURCE_ROOT; };
		4aa726a6feda3fbe35b34e19177d679b /* ExpireCache.h */ = {isa = PBXFileReference; explicitFileType = sourcecode.c.h; fileEncoding = 30; name = ExpireCache.h; path = ../../../addons/ofxIO/libs/ofxIO/include/ofx/ExpireCache.h; sourceTree = SOURCE_ROOT; };
		4d38898647bbfeebb89c1569bf8791b4 /* alphanum.hpp */ = {isa = PBXFileReference; explicitFileType = sourcecode.c.h; fileEncoding = 30; name = alphanum.hpp; path = ../../../addons/ofxIO/libs/alphanum/include/alphanum.hpp; sourceTree = SOURCE_ROOT; };
		5114d2af276e4e6e9a67b34240f124de /* PathFilterCollection.cpp */ = {isa = PBXFileReference; explicitFileType = sourcecode.cpp.cpp; fileEncoding = 30; name = PathFilterCollection.cpp; path = ../../../addons/ofxIO/libs/ofxIO/src/PathFilterCollection.cpp; sourceTree = SOURCE_ROOT; };
		557678eeff0d0c6d692d0dec7c68ae95 /* DeviceFilter.h */ = {isa = PBXFileReference; explicitFileType = sourcecode.c.h; fileEncoding = 30; name = DeviceFilter.h; path = ../../../addons/ofxIO/libs/ofxIO/include/ofx/IO/DeviceFilter.h; sourceTree = SOURCE_ROOT; };
		57e858fcdf1ab73089f1a9f080435007 /* HiddenFileFilter.h */ = {isa = PBXFileReference; explicitFileType = sourcecode.c.h; fileEncoding = 30; name = HiddenFileFilter.h; path = ../../../addons/ofxIO/libs/ofxIO/include/ofx/IO/HiddenFileFilter.h; sourceTree = SOURCE_ROOT; };
		59fffeb1e84f1fce994ef499bf21781e /* DirectoryWatcher.cpp */ = {isa = PBXFileReference; explicitFileType = sourcecode.cpp.cpp; fileEncoding = 30; name = DirectoryWatcher.cpp; path = ../../../addons/ofxIO/libs/Poco/src/DirectoryWatcher.cpp; sourceTree = SOURCE_ROOT; };
		5c1865536f5a04c28572a12452a77547 /* RecursiveDirectoryIteratorImpl.h */ = {isa = PBXFileReference; explicitFileType = sourcecode.c.h; fileEncoding = 30; name = RecursiveDirectoryIteratorImpl.h; path = ../../../addons/ofxIO/libs/Poco/Foundation/include/Poco/RecursiveDirectoryIteratorImpl.h; sourceTree = SOURCE_ROOT; };
		5d4c9d17e0c3f84ddb8885440dd67cb9 /* ByteBufferUtils.h */ = {isa = PBXFileReference; explicitFileType = sourcecode.c.h; fileEncoding = 30; name = ByteBufferUtils.h; path = ../../../addons/ofxIO/libs/ofxIO/include/ofx/IO/ByteBufferUtils.h; sourceTree = SOURCE_ROOT; };
		6bd291fb03292c6d352c26fe68f15269 /* FileExtensionFilter.cpp */ = {isa = PBXFileReference; explicitFileType = sourcecode.cpp.cpp; fileEncoding = 30; name = FileExtensionFilter.cpp; path = ../../../addons/ofxIO/libs/ofxIO/src/FileExtensionFilter.cpp; sourceTree = SOURCE_ROOT; };
		72804ef074677512091594c27dcb2450 /* snappy.h */ = {isa = PBXFileReference; explicitFileType = sourcecode.c.h; fileEncoding = 30; name = snappy.h; path = ../../../addons/ofxIO/libs/snappy/src/snappy.h; sourceTree = SOURCE_ROOT; };
		7362d621e1b9a92f5f4ac73b38061e0d /* snappy.cc */ = {isa = PBXFileReference; explicitFileType = sourcecode.cpp.cpp; fileEncoding = 30; name = snappy.cc; path = ../../../addons/ofxIO/libs/snappy/src/snappy.cc; sourceTree = SOURCE_ROOT; };
		7913239832bbbf6b56ed260010801e8c /* lz4.c */ = {isa = PBXFileReference; explicitFileType = sourcecode.c.c; fileEncoding = 30; name = lz4.c; path = ../../../addons/ofxIO/libs/lz4/src/lz4.c; sourceTree = SOURCE_ROOT; };
		7fed5533ba07c2da03f0abc9d29a1122 /* UniqueAccessExpireLRUCache.h */ = {isa = PBXFileReference; explicitFileType = sourcecode.c.h; fileEncoding = 30; name = UniqueAccessExpireLRUCache.h; path = ../../../addons/ofxIO/libs/ofxIO/include/ofx/UniqueAccessExpireLRUCache.h; sourceTree = SOURCE_ROOT; };
		8425d8f4b3e525c269fbbd9060b4cdc1 /* ExpireLRUCache.h */ = {isa = PBXFileReference; explicitFileType = sourcecode.c.h; fileEncoding = 30; name = ExpireLRUCache.h; path = ../../../addons/ofxIO/libs/ofxIO/include/ofx/ExpireLRUCache.h; sourceTree = SOURCE_ROOT; };
		84e9ce5123d831ac5ea325a15b0d0e9f /* AccessExpireLRUCache.h */ = {isa = PBXFileReference; explicitFileType = sourcecode.c.h; fileEncoding = 30; name = AccessExpireLRUCache.h; path = ../../../addons/ofxIO/libs/ofxIO/include/ofx/AccessExpireLRUCache.h; sourceTree = SOURCE_ROOT; };
		84f6287fa54b66c746947875f6690182 /* ofApp.h */ = {isa = PBXFileReference; explicitFileType = sourcecode.c.h; fileEncoding = 30; name = ofApp.h; path = src/ofApp.h; sourceTree = SOURCE_ROOT; };
		85b399c99f9879f6c78ede1bf6521a89 /* snappy-stubs-public.h */ = {isa = PBXFileReference; explicitFileType = sourcecode.c.h; fileEncoding = 30; name = "snappy-stubs-public.h"; path = "../../../addons/ofxIO/libs/snappy/src/snappy-stubs-public.h"; sourceTree = SOURCE_ROOT; };
		8760f716adafe5917959d49831f489ec /* RecursiveDirectoryIteratorStategies.cpp */ = {isa = PBXFileReference; explicitFileType = sourcecode.cpp.cpp; fileEncoding = 30; name = RecursiveDirectoryIteratorStategies.cpp; path = ../../../addons/ofxIO/libs/Poco/src/RecursiveDirectoryIteratorStategies.cpp; sourceTree = SOURCE_ROOT; };
		89b60fb247e1f64013c716dc5bc27ed6 /* AbstractTypes.h */ = {isa = PBXFileReference; explicitFileType = sourcecode.c.h; fileEncoding = 30; name = AbstractTypes.h; path = ../../../addons/ofxIO/libs/ofxIO/include/ofx/IO/AbstractTypes.h; sourceTree = SOURCE_ROOT; };
		8d76b424a6df4d70aaccdbae8091beb8 /* SearchPath.cpp */ = {isa = PBXFileReference; explicitFileType = sourcecode.cpp.cpp; fileEncoding = 30; name = SearchPath.cpp; path = ../../../addons/ofxIO/libs/ofxIO/src/SearchPath.cpp; sourceTree = SOURCE_ROOT; };
		93384835c77bd4299f8a7f9032e427d9 /* ByteBuffer.cpp */ = {isa = PBXFileReference; explicitFileType = sourcecode.cpp.cpp; fileEncoding = 30; name = ByteBuffer.cpp; path = ../../../addons/ofxIO/libs/ofxIO/src/ByteBuffer.cpp; sourceTree = SOURCE_ROOT; };
		9a430d6bd10dc31ae2d07da0694c79c8 /* snappy-sinksource.cc */ = {isa = PBXFileReference; explicitFileType = sourcecode.cpp.cpp; fileEncoding = 30; name = "snappy-sinksource.cc"; path = "../../../addons/ofxIO/libs/snappy/src/snappy-sinksource.cc"; sourceTree = SOURCE_ROOT; };
		9a967d1fafa98a7cbbfa4f5530702894 /* DirectoryUtils.cpp */ = {isa = PBXFileReference; explicitFileType = sourcecode.cpp.cpp; fileEncoding = 30; name = DirectoryUtils.cpp; path = ../../../addons/ofxIO/libs/ofxIO/src/DirectoryUtils.cpp; sourceTree = SOURCE_ROOT; };
		9ef95bb1b9e92753aaa87805f55412ed /* RecursiveDirectoryIteratorStategies.h */ = {isa = PBXFileReference; explicitFileType = sourcecode.c.h; fileEncoding = 30; name = RecursiveDirectoryIteratorStategies.h; path = ../../../addons/ofxIO/libs/Poco/Foundation/include/Poco/RecursiveDirectoryIteratorStategies.h; sourceTree = SOURCE_ROOT; };
		BBAB23BE13894E4700AA2426 /* GLUT.framework */ = {isa = PBXFileReference; lastKnownFileType = wrapper.framework; name = GLUT.framework; path = ../../../libs/glut/lib/osx/GLUT.framework; sourceTree = "<group>"; };
		E4328143138ABC890047C5CB /* openFrameworksLib.xcodeproj */ = {isa = PBXFileReference; lastKnownFileType = "wrapper.pb-project"; name = openFrameworksLib.xcodeproj; path = ../../../libs/openFrameworksCompiled/project/osx/openFrameworksLib.xcodeproj; sourceTree = SOURCE_ROOT; };
		E45BE9710E8CC7DD009D7055 /* AGL.framework */ = {isa = PBXFileReference; lastKnownFileType = wrapper.framework; name = AGL.framework; path = /System/Library/Frameworks/AGL.framework; sourceTree = "<absolute>"; };
		E45BE9720E8CC7DD009D7055 /* ApplicationServices.framework */ = {isa = PBXFileReference; lastKnownFileType = wrapper.framework; name = ApplicationServices.framework; path = /System/Library/Frameworks/ApplicationServices.framework; sourceTree = "<absolute>"; };
		E45BE9730E8CC7DD009D7055 /* AudioToolbox.framework */ = {isa = PBXFileReference; lastKnownFileType = wrapper.framework; name = AudioToolbox.framework; path = /System/Library/Frameworks/AudioToolbox.framework; sourceTree = "<absolute>"; };
		E45BE9750E8CC7DD009D7055 /* CoreAudio.framework */ = {isa = PBXFileReference; lastKnownFileType = wrapper.framework; name = CoreAudio.framework; path = /System/Library/Frameworks/CoreAudio.framework; sourceTree = "<absolute>"; };
		E45BE9760E8CC7DD009D7055 /* CoreFoundation.framework */ = {isa = PBXFileReference; lastKnownFileType = wrapper.framework; name = CoreFoundation.framework; path = /System/Library/Frameworks/CoreFoundation.framework; sourceTree = "<absolute>"; };
		E45BE9770E8CC7DD009D7055 /* CoreServices.framework */ = {isa = PBXFileReference; lastKnownFileType = wrapper.framework; name = CoreServices.framework; path = /System/Library/Frameworks/CoreServices.framework; sourceTree = "<absolute>"; };
		E45BE9790E8CC7DD009D7055 /* OpenGL.framework */ = {isa = PBXFileReference; lastKnownFileType = wrapper.framework; name = OpenGL.framework; path = /System/Library/Frameworks/OpenGL.framework; sourceTree = "<absolute>"; };
		E45BE97A0E8CC7DD009D7055 /* QuickTime.framework */ = {isa = PBXFileReference; lastKnownFileType = wrapper.framework; name = QuickTime.framework; path = /System/Library/Frameworks/QuickTime.framework; sourceTree = "<absolute>"; };
		E4B69B5B0A3A1756003C02F2 /* example_directory_listDebug.app */ = {isa = PBXFileReference; explicitFileType = wrapper.application; includeInIndex = 0; path = example_directory_listDebug.app; sourceTree = BUILT_PRODUCTS_DIR; };
		E4B69E1D0A3A1BDC003C02F2 /* main.cpp */ = {isa = PBXFileReference; fileEncoding = 30; lastKnownFileType = sourcecode.cpp.cpp; name = main.cpp; path = src/main.cpp; sourceTree = SOURCE_ROOT; };
		E4B6FCAD0C3E899E008CF71C /* openFrameworks-Info.plist */ = {isa = PBXFileReference; fileEncoding = 30; lastKnownFileType = text.plist.xml; path = "openFrameworks-Info.plist"; sourceTree = "<group>"; };
		E4C2424410CC5A17004149E2 /* AppKit.framework */ = {isa = PBXFileReference; lastKnownFileType = wrapper.framework; name = AppKit.framework; path = /System/Library/Frameworks/AppKit.framework; sourceTree = "<absolute>"; };
		E4C2424510CC5A17004149E2 /* Cocoa.framework */ = {isa = PBXFileReference; lastKnownFileType = wrapper.framework; name = Cocoa.framework; path = /System/Library/Frameworks/Cocoa.framework; sourceTree = "<absolute>"; };
		E4C2424610CC5A17004149E2 /* IOKit.framework */ = {isa = PBXFileReference; lastKnownFileType = wrapper.framework; name = IOKit.framework; path = /System/Library/Frameworks/IOKit.framework; sourceTree = "<absolute>"; };
		E4EB691F138AFCF100A09F29 /* CoreOF.xcconfig */ = {isa = PBXFileReference; fileEncoding = 4; lastKnownFileType = text.xcconfig; name = CoreOF.xcconfig; path = ../../../libs/openFrameworksCompiled/project/osx/CoreOF.xcconfig; sourceTree = SOURCE_ROOT; };
		E4EB6923138AFD0F00A09F29 /* Project.xcconfig */ = {isa = PBXFileReference; fileEncoding = 4; lastKnownFileType = text.xcconfig; path = Project.xcconfig; sourceTree = "<group>"; };
		E7E077E415D3B63C0020DFD4 /* CoreVideo.framework */ = {isa = PBXFileReference; lastKnownFileType = wrapper.framework; name = CoreVideo.framework; path = /System/Library/Frameworks/CoreVideo.framework; sourceTree = "<absolute>"; };
		E7E077E715D3B6510020DFD4 /* QTKit.framework */ = {isa = PBXFileReference; lastKnownFileType = wrapper.framework; name = QTKit.framework; path = /System/Library/Frameworks/QTKit.framework; sourceTree = "<absolute>"; };
		E7F985F515E0DE99003869B5 /* Accelerate.framework */ = {isa = PBXFileReference; lastKnownFileType = wrapper.framework; name = Accelerate.framework; path = /System/Library/Frameworks/Accelerate.framework; sourceTree = "<absolute>"; };
		a3b73248cebebb4479b4f1bbd9dcddfc /* AccessExpireCache.h */ = {isa = PBXFileReference; explicitFileType = sourcecode.c.h; fileEncoding = 30; name = AccessExpireCache.h; path = ../../../addons/ofxIO/libs/ofxIO/include/ofx/AccessExpireCache.h; sourceTree = SOURCE_ROOT; };
		a9abbf4a56f7a5aab5a5dc5ddeb7ef64 /* snappy-sinksource.h */ = {isa = PBXFileReference; explicitFileType = sourcecode.c.h; fileEncoding = 30; name = "snappy-sinksource.h"; path = "../../../addons/ofxIO/libs/snappy/src/snappy-sinksource.h"; sourceTree = SOURCE_ROOT; };
		beffaa5b8275e0ae066fc2e31330dd5f /* DirectoryWatcherManager.h */ = {isa = PBXFileReference; explicitFileType = sourcecode.c.h; fileEncoding = 30; name = DirectoryWatcherManager.h; path = ../../../addons/ofxIO/libs/ofxIO/include/ofx/IO/DirectoryWatcherManager.h; sourceTree = SOURCE_ROOT; };
		bf304715448041cabdb6f49ed18c4f9b /* UniqueAccessExpireCache.h */ = {isa = PBXFileReference; explicitFileType = sourcecode.c.h; fileEncoding = 30; name = UniqueAccessExpireCache.h; path = ../../../addons/ofxIO/libs/ofxIO/include/ofx/UniqueAccessExpireCache.h; sourceTree = SOURCE_ROOT; };
		c8f2762f4cce12d7c1022daa5fcd76a8 /* Compression.h */ = {isa = PBXFileReference; explicitFileType = sourcecode.c.h; fileEncoding = 30; name = Compression.h; path = ../../../addons/ofxIO/libs/ofxIO/include/ofx/IO/Compression.h; sourceTree = SOURCE_ROOT; };
		cece089d24f272db22504892bba91629 /* DirectoryFilter.h */ = {isa = PBXFileReference; explicitFileType = sourcecode.c.h; fileEncoding = 30; name = DirectoryFilter.h; path = ../../../addons/ofxIO/libs/ofxIO/include/ofx/IO/DirectoryFilter.h; sourceTree = SOURCE_ROOT; };
		d1f82a94bd80bdc78e0b1922d8660de6 /* DirectoryUtils.h */ = {isa = PBXFileReference; explicitFileType = sourcecode.c.h; fileEncoding = 30; name = DirectoryUtils.h; path = ../../../addons/ofxIO/libs/ofxIO/include/ofx/IO/DirectoryUtils.h; sourceTree = SOURCE_ROOT; };
		de22ff0057c30d5ddc12b349e00b78e1 /* AbstractCache.h */ = {isa = PBXFileReference; explicitFileType = sourcecode.c.h; fileEncoding = 30; name = AbstractCache.h; path = ../../../addons/ofxIO/libs/ofxIO/include/ofx/AbstractCache.h; sourceTree = SOURCE_ROOT; };
		e362e12547978ab05aba9c571e8283c4 /* DirectoryFilter.cpp */ = {isa = PBXFileReference; explicitFileType = sourcecode.cpp.cpp; fileEncoding = 30; name = DirectoryFilter.cpp; path = ../../../addons/ofxIO/libs/ofxIO/src/DirectoryFilter.cpp; sourceTree = SOURCE_ROOT; };
		e3d39f2080ca052e606ea84e7d169675 /* DirectoryWatcher.h */ = {isa = PBXFileReference; explicitFileType = sourcecode.c.h; fileEncoding = 30; name = DirectoryWatcher.h; path = ../../../addons/ofxIO/libs/Poco/Foundation/include/Poco/DirectoryWatcher.h; sourceTree = SOURCE_ROOT; };
		e8af8381484827a10a418b2651d0d7d7 /* SearchPath.h */ = {isa = PBXFileReference; explicitFileType = sourcecode.c.h; fileEncoding = 30; name = SearchPath.h; path = ../../../addons/ofxIO/libs/ofxIO/include/ofx/IO/SearchPath.h; sourceTree = SOURCE_ROOT; };
		ebecbb67c55635d1b4871a429444cf27 /* snappy-internal.h */ = {isa = PBXFileReference; explicitFileType = sourcecode.c.h; fileEncoding = 30; name = "snappy-internal.h"; path = "../../../addons/ofxIO/libs/snappy/src/snappy-internal.h"; sourceTree = SOURCE_ROOT; };
		f5e31a831b4a68051a87ab3fda39e0f2 /* lz4.h */ = {isa = PBXFileReference; explicitFileType = sourcecode.c.h; fileEncoding = 30; name = lz4.h; path = ../../../addons/ofxIO/libs/lz4/src/lz4.h; sourceTree = SOURCE_ROOT; };
		f91843c45134fd7b696e0f136607fda5 /* AbstractDataView.h */ = {isa = PBXFileReference; explicitFileType = sourcecode.c.h; fileEncoding = 30; name = AbstractDataView.h; path = ../../../addons/ofxIO/libs/ofxIO/include/ofx/IO/AbstractDataView.h; sourceTree = SOURCE_ROOT; };
		fcaf85b857266c511db50341e61e807d /* HiddenFileFilter.cpp */ = {isa = PBXFileReference; explicitFileType = sourcecode.cpp.cpp; fileEncoding = 30; name = HiddenFileFilter.cpp; path = ../../../addons/ofxIO/libs/ofxIO/src/HiddenFileFilter.cpp; sourceTree = SOURCE_ROOT; };
		fd35dec21fe06bf7f151602227e94966 /* RegexPathFilter.h */ = {isa = PBXFileReference; explicitFileType = sourcecode.c.h; fileEncoding = 30; name = RegexPathFilter.h; path = ../../../addons/ofxIO/libs/ofxIO/include/ofx/IO/RegexPathFilter.h; sourceTree = SOURCE_ROOT; };
		fe5b3b19544657b6f9ccca03b257d204 /* ByteBufferUtils.cpp */ = {isa = PBXFileReference; explicitFileType = sourcecode.cpp.cpp; fileEncoding = 30; name = ByteBufferUtils.cpp; path = ../../../addons/ofxIO/libs/ofxIO/src/ByteBufferUtils.cpp; sourceTree = SOURCE_ROOT; };
/* End PBXFileReference section */

/* Begin PBXFrameworksBuildPhase section */
		E4B69B590A3A1756003C02F2 /* Frameworks */ = {
			isa = PBXFrameworksBuildPhase;
			buildActionMask = 2147483647;
			files = (
				E7F985F815E0DEA3003869B5 /* Accelerate.framework in Frameworks */,
				E7E077E815D3B6510020DFD4 /* QTKit.framework in Frameworks */,
				E4EB6799138ADC1D00A09F29 /* GLUT.framework in Frameworks */,
				E4328149138ABC9F0047C5CB /* openFrameworksDebug.a in Frameworks */,
				E45BE97B0E8CC7DD009D7055 /* AGL.framework in Frameworks */,
				E45BE97C0E8CC7DD009D7055 /* ApplicationServices.framework in Frameworks */,
				E45BE97D0E8CC7DD009D7055 /* AudioToolbox.framework in Frameworks */,
				E45BE97F0E8CC7DD009D7055 /* CoreAudio.framework in Frameworks */,
				E45BE9800E8CC7DD009D7055 /* CoreFoundation.framework in Frameworks */,
				E45BE9810E8CC7DD009D7055 /* CoreServices.framework in Frameworks */,
				E45BE9830E8CC7DD009D7055 /* OpenGL.framework in Frameworks */,
				E45BE9840E8CC7DD009D7055 /* QuickTime.framework in Frameworks */,
				E4C2424710CC5A17004149E2 /* AppKit.framework in Frameworks */,
				E4C2424810CC5A17004149E2 /* Cocoa.framework in Frameworks */,
				E4C2424910CC5A17004149E2 /* IOKit.framework in Frameworks */,
				E7E077E515D3B63C0020DFD4 /* CoreVideo.framework in Frameworks */,
			);
			runOnlyForDeploymentPostprocessing = 0;
		};
/* End PBXFrameworksBuildPhase section */

/* Begin PBXGroup section */
		02c663a3035cb2af8bce07dca83aa9a7 /* src */ = {
			isa = PBXGroup;
			children = (
				7913239832bbbf6b56ed260010801e8c /* lz4.c */,
				f5e31a831b4a68051a87ab3fda39e0f2 /* lz4.h */,
			);
			name = src;
			sourceTree = "<group>";
		};
		1fe55f3fcbd156ac7d591f6956cc3f19 /* libs */ = {
			isa = PBXGroup;
			children = (
				b40d93e4e6198327d6da7bfa3cdb2462 /* alphanum */,
				8fe15f6815c4a8de40915eaefe52d313 /* lz4 */,
				92cf4367af54e202bcf9e084b4179b68 /* ofxIO */,
				8fb24c0f711982136a83b4f2bc096d30 /* Poco */,
				d86ef5293c3bfc96a82c8eb7656e2ad3 /* snappy */,
			);
			name = libs;
			sourceTree = "<group>";
		};
		3f13bf933566839ed4c7ccedeea89880 /* include */ = {
			isa = PBXGroup;
			children = (
				d1c382a37ee661f51aa773cc780a6144 /* ofx */,
			);
			name = include;
			sourceTree = "<group>";
		};
		4a9e9c4d593feac7514454214f1a7b4a /* src */ = {
			isa = PBXGroup;
			children = (
				ebecbb67c55635d1b4871a429444cf27 /* snappy-internal.h */,
				9a430d6bd10dc31ae2d07da0694c79c8 /* snappy-sinksource.cc */,
				a9abbf4a56f7a5aab5a5dc5ddeb7ef64 /* snappy-sinksource.h */,
				2fb74ff42b08fc378f74b2b7af2635d0 /* snappy-stubs-internal.cc */,
				2bc552b95352f479531dc424e825ea56 /* snappy-stubs-internal.h */,
				85b399c99f9879f6c78ede1bf6521a89 /* snappy-stubs-public.h */,
				7362d621e1b9a92f5f4ac73b38061e0d /* snappy.cc */,
				72804ef074677512091594c27dcb2450 /* snappy.h */,
			);
			name = src;
			sourceTree = "<group>";
		};
		57cc27cf60ede1c9a52b66f3f8128939 /* Poco */ = {
			isa = PBXGroup;
			children = (
				e3d39f2080ca052e606ea84e7d169675 /* DirectoryWatcher.h */,
				120db29f900e26b84d1a44c860f7b354 /* RecursiveDirectoryIterator.h */,
				5c1865536f5a04c28572a12452a77547 /* RecursiveDirectoryIteratorImpl.h */,
				9ef95bb1b9e92753aaa87805f55412ed /* RecursiveDirectoryIteratorStategies.h */,
			);
			name = Poco;
			sourceTree = "<group>";
		};
		671923ec06f4340d8255da228e504077 /* include */ = {
			isa = PBXGroup;
			children = (
				4d38898647bbfeebb89c1569bf8791b4 /* alphanum.hpp */,
			);
			name = include;
			sourceTree = "<group>";
		};
		81b9e335116a816ea1d2a2fa5313a664 /* IO */ = {
			isa = PBXGroup;
			children = (
				f91843c45134fd7b696e0f136607fda5 /* AbstractDataView.h */,
				89b60fb247e1f64013c716dc5bc27ed6 /* AbstractTypes.h */,
				2d170f102215cf0511959d79928d8bcb /* ByteBuffer.h */,
				5d4c9d17e0c3f84ddb8885440dd67cb9 /* ByteBufferUtils.h */,
				c8f2762f4cce12d7c1022daa5fcd76a8 /* Compression.h */,
				557678eeff0d0c6d692d0dec7c68ae95 /* DeviceFilter.h */,
				cece089d24f272db22504892bba91629 /* DirectoryFilter.h */,
				d1f82a94bd80bdc78e0b1922d8660de6 /* DirectoryUtils.h */,
				beffaa5b8275e0ae066fc2e31330dd5f /* DirectoryWatcherManager.h */,
				290e7a250dc94d9adb967fcc414ee964 /* Encoding.h */,
				1c011da756ff131fc46a2907c62f2414 /* FileExtensionFilter.h */,
				57e858fcdf1ab73089f1a9f080435007 /* HiddenFileFilter.h */,
				14290ed8de68778ae3023fbc92cbe43d /* LinkFilter.h */,
				0fc82546c315d104cc8178d758f34945 /* PathFilterCollection.h */,
				fd35dec21fe06bf7f151602227e94966 /* RegexPathFilter.h */,
				e8af8381484827a10a418b2651d0d7d7 /* SearchPath.h */,
			);
			name = IO;
			sourceTree = "<group>";
		};
		827e879af9ec79a81a74cc6fcb42d0a0 /* src */ = {
			isa = PBXGroup;
			children = (
				93384835c77bd4299f8a7f9032e427d9 /* ByteBuffer.cpp */,
				fe5b3b19544657b6f9ccca03b257d204 /* ByteBufferUtils.cpp */,
				2fc8e2266fe2f5545775a16df2f8d514 /* Compression.cpp */,
				00f3330a5debd082cee0c12cf6dab546 /* DeviceFilter.cpp */,
				e362e12547978ab05aba9c571e8283c4 /* DirectoryFilter.cpp */,
				9a967d1fafa98a7cbbfa4f5530702894 /* DirectoryUtils.cpp */,
				0b6179498d0110bd2e161373d141a6c9 /* DirectoryWatcherManager.cpp */,
				362d5b0e0ebec0da6710a4301fc8ce18 /* Encoding.cpp */,
				6bd291fb03292c6d352c26fe68f15269 /* FileExtensionFilter.cpp */,
				fcaf85b857266c511db50341e61e807d /* HiddenFileFilter.cpp */,
				370da13018950e5bff8cf171337edd91 /* LinkFilter.cpp */,
				5114d2af276e4e6e9a67b34240f124de /* PathFilterCollection.cpp */,
				13d68f0c2cae7809d621924cd66c570b /* RegexPathFilter.cpp */,
				8d76b424a6df4d70aaccdbae8091beb8 /* SearchPath.cpp */,
			);
			name = src;
			sourceTree = "<group>";
		};
		8863e4609a0299cbae56bb7ae62bc283 /* src */ = {
			isa = PBXGroup;
			children = (
				59fffeb1e84f1fce994ef499bf21781e /* DirectoryWatcher.cpp */,
				06ed1882d0056fb439aab3e70e86d912 /* RecursiveDirectoryIterator.cpp */,
				8760f716adafe5917959d49831f489ec /* RecursiveDirectoryIteratorStategies.cpp */,
			);
			name = src;
			sourceTree = "<group>";
		};
		8fb24c0f711982136a83b4f2bc096d30 /* Poco */ = {
			isa = PBXGroup;
			children = (
				c867b239e4a488d82df8644078da624e /* Foundation */,
				8863e4609a0299cbae56bb7ae62bc283 /* src */,
			);
			name = Poco;
			sourceTree = "<group>";
		};
		8fe15f6815c4a8de40915eaefe52d313 /* lz4 */ = {
			isa = PBXGroup;
			children = (
				02c663a3035cb2af8bce07dca83aa9a7 /* src */,
			);
			name = lz4;
			sourceTree = "<group>";
		};
		92cf4367af54e202bcf9e084b4179b68 /* ofxIO */ = {
			isa = PBXGroup;
			children = (
				3f13bf933566839ed4c7ccedeea89880 /* include */,
				827e879af9ec79a81a74cc6fcb42d0a0 /* src */,
			);
			name = ofxIO;
			sourceTree = "<group>";
		};
		BB4B014C10F69532006C3DED /* addons */ = {
			isa = PBXGroup;
			children = (
				a8792b4b23b2f70e1065d67f4b1ee534 /* ofxIO */,
			);
			name = addons;
			sourceTree = "<group>";
		};
		BBAB23C913894ECA00AA2426 /* system frameworks */ = {
			isa = PBXGroup;
			children = (
				E7F985F515E0DE99003869B5 /* Accelerate.framework */,
				E4C2424410CC5A17004149E2 /* AppKit.framework */,
				E4C2424510CC5A17004149E2 /* Cocoa.framework */,
				E4C2424610CC5A17004149E2 /* IOKit.framework */,
				E45BE9710E8CC7DD009D7055 /* AGL.framework */,
				E45BE9720E8CC7DD009D7055 /* ApplicationServices.framework */,
				E45BE9730E8CC7DD009D7055 /* AudioToolbox.framework */,
				E45BE9750E8CC7DD009D7055 /* CoreAudio.framework */,
				E45BE9760E8CC7DD009D7055 /* CoreFoundation.framework */,
				E45BE9770E8CC7DD009D7055 /* CoreServices.framework */,
				E45BE9790E8CC7DD009D7055 /* OpenGL.framework */,
				E45BE97A0E8CC7DD009D7055 /* QuickTime.framework */,
				E7E077E415D3B63C0020DFD4 /* CoreVideo.framework */,
				E7E077E715D3B6510020DFD4 /* QTKit.framework */,
			);
			name = "system frameworks";
			sourceTree = "<group>";
		};
		BBAB23CA13894EDB00AA2426 /* 3rd party frameworks */ = {
			isa = PBXGroup;
			children = (
				BBAB23BE13894E4700AA2426 /* GLUT.framework */,
			);
			name = "3rd party frameworks";
			sourceTree = "<group>";
		};
		E4328144138ABC890047C5CB /* Products */ = {
			isa = PBXGroup;
			children = (
				E4328148138ABC890047C5CB /* openFrameworksDebug.a */,
			);
			name = Products;
			sourceTree = "<group>";
		};
		E45BE5980E8CC70C009D7055 /* frameworks */ = {
			isa = PBXGroup;
			children = (
				BBAB23CA13894EDB00AA2426 /* 3rd party frameworks */,
				BBAB23C913894ECA00AA2426 /* system frameworks */,
			);
			name = frameworks;
			sourceTree = "<group>";
		};
		E4B69B4A0A3A1720003C02F2 = {
			isa = PBXGroup;
			children = (
				E4B6FCAD0C3E899E008CF71C /* openFrameworks-Info.plist */,
				E4EB6923138AFD0F00A09F29 /* Project.xcconfig */,
				E4B69E1C0A3A1BDC003C02F2 /* src */,
				E4EEC9E9138DF44700A80321 /* openFrameworks */,
				BB4B014C10F69532006C3DED /* addons */,
				E45BE5980E8CC70C009D7055 /* frameworks */,
				E4B69B5B0A3A1756003C02F2 /* example_directory_listDebug.app */,
			);
			sourceTree = "<group>";
		};
		E4B69E1C0A3A1BDC003C02F2 /* src */ = {
			isa = PBXGroup;
			children = (
				E4B69E1D0A3A1BDC003C02F2 /* main.cpp */,
				19c22cd05d10f78b32ff80c6be3a9385 /* ofApp.cpp */,
				84f6287fa54b66c746947875f6690182 /* ofApp.h */,
			);
			path = src;
			sourceTree = SOURCE_ROOT;
		};
		E4EEC9E9138DF44700A80321 /* openFrameworks */ = {
			isa = PBXGroup;
			children = (
				E4EB691F138AFCF100A09F29 /* CoreOF.xcconfig */,
				E4328143138ABC890047C5CB /* openFrameworksLib.xcodeproj */,
			);
			name = openFrameworks;
			sourceTree = "<group>";
		};
		a8792b4b23b2f70e1065d67f4b1ee534 /* ofxIO */ = {
			isa = PBXGroup;
			children = (
				d86c6322cf7554a9be5eb8bfd00920b2 /* src */,
				1fe55f3fcbd156ac7d591f6956cc3f19 /* libs */,
			);
			name = ofxIO;
			sourceTree = "<group>";
		};
		b40d93e4e6198327d6da7bfa3cdb2462 /* alphanum */ = {
			isa = PBXGroup;
			children = (
				671923ec06f4340d8255da228e504077 /* include */,
			);
			name = alphanum;
			sourceTree = "<group>";
		};
		c867b239e4a488d82df8644078da624e /* Foundation */ = {
			isa = PBXGroup;
			children = (
				eae4e5e416e004691334a630a1b1cf7e /* include */,
			);
			name = Foundation;
			sourceTree = "<group>";
		};
		d1c382a37ee661f51aa773cc780a6144 /* ofx */ = {
			isa = PBXGroup;
			children = (
				de22ff0057c30d5ddc12b349e00b78e1 /* AbstractCache.h */,
				a3b73248cebebb4479b4f1bbd9dcddfc /* AccessExpireCache.h */,
				84e9ce5123d831ac5ea325a15b0d0e9f /* AccessExpireLRUCache.h */,
				4aa726a6feda3fbe35b34e19177d679b /* ExpireCache.h */,
				8425d8f4b3e525c269fbbd9060b4cdc1 /* ExpireLRUCache.h */,
				81b9e335116a816ea1d2a2fa5313a664 /* IO */,
				2f6c7f53a990035eb21ac78cfe46884b /* LRUCache.h */,
				bf304715448041cabdb6f49ed18c4f9b /* UniqueAccessExpireCache.h */,
				7fed5533ba07c2da03f0abc9d29a1122 /* UniqueAccessExpireLRUCache.h */,
				038270da6aca13e6c027a07225dbc257 /* UniqueExpireCache.h */,
				3538d5a40c024d14f3f273bf69ce89c3 /* UniqueExpireLRUCache.h */,
			);
			name = ofx;
			sourceTree = "<group>";
		};
		d86c6322cf7554a9be5eb8bfd00920b2 /* src */ = {
			isa = PBXGroup;
			children = (
				4593838c4b4bce40284aae073af1a51f /* ofxIO.h */,
			);
			name = src;
			sourceTree = "<group>";
		};
		d86ef5293c3bfc96a82c8eb7656e2ad3 /* snappy */ = {
			isa = PBXGroup;
			children = (
				4a9e9c4d593feac7514454214f1a7b4a /* src */,
			);
			name = snappy;
			sourceTree = "<group>";
		};
		eae4e5e416e004691334a630a1b1cf7e /* include */ = {
			isa = PBXGroup;
			children = (
				57cc27cf60ede1c9a52b66f3f8128939 /* Poco */,
			);
			name = include;
			sourceTree = "<group>";
		};
/* End PBXGroup section */

/* Begin PBXNativeTarget section */
		E4B69B5A0A3A1756003C02F2 /* example_directory_list */ = {
			isa = PBXNativeTarget;
			buildConfigurationList = E4B69B5F0A3A1757003C02F2 /* Build configuration list for PBXNativeTarget "example_directory_list" */;
			buildPhases = (
				E4B69B580A3A1756003C02F2 /* Sources */,
				E4B69B590A3A1756003C02F2 /* Frameworks */,
				E4B6FFFD0C3F9AB9008CF71C /* ShellScript */,
				E4C2427710CC5ABF004149E2 /* CopyFiles */,
			);
			buildRules = (
			);
			dependencies = (
				E4EEB9AC138B136A00A80321 /* PBXTargetDependency */,
			);
			name = example_directory_list;
			productName = myOFApp;
			productReference = E4B69B5B0A3A1756003C02F2 /* example_directory_listDebug.app */;
			productType = "com.apple.product-type.application";
		};
/* End PBXNativeTarget section */

/* Begin PBXProject section */
		E4B69B4C0A3A1720003C02F2 /* Project object */ = {
			isa = PBXProject;
			attributes = {
				LastUpgradeCheck = 0460;
			};
			buildConfigurationList = E4B69B4D0A3A1720003C02F2 /* Build configuration list for PBXProject "example_directory_list" */;
			compatibilityVersion = "Xcode 3.2";
			developmentRegion = English;
			hasScannedForEncodings = 0;
			knownRegions = (
				English,
				Japanese,
				French,
				German,
			);
			mainGroup = E4B69B4A0A3A1720003C02F2;
			productRefGroup = E4B69B4A0A3A1720003C02F2;
			projectDirPath = "";
			projectReferences = (
				{
					ProductGroup = E4328144138ABC890047C5CB /* Products */;
					ProjectRef = E4328143138ABC890047C5CB /* openFrameworksLib.xcodeproj */;
				},
			);
			projectRoot = "";
			targets = (
				E4B69B5A0A3A1756003C02F2 /* example_directory_list */,
			);
		};
/* End PBXProject section */

/* Begin PBXReferenceProxy section */
		E4328148138ABC890047C5CB /* openFrameworksDebug.a */ = {
			isa = PBXReferenceProxy;
			fileType = archive.ar;
			path = openFrameworksDebug.a;
			remoteRef = E4328147138ABC890047C5CB /* PBXContainerItemProxy */;
			sourceTree = BUILT_PRODUCTS_DIR;
		};
/* End PBXReferenceProxy section */

/* Begin PBXShellScriptBuildPhase section */
		E4B6FFFD0C3F9AB9008CF71C /* ShellScript */ = {
			isa = PBXShellScriptBuildPhase;
			buildActionMask = 2147483647;
			files = (
			);
			inputPaths = (
			);
			outputPaths = (
			);
			runOnlyForDeploymentPostprocessing = 0;
			shellPath = /bin/sh;
			shellScript = "cp -f ../../../libs/fmodex/lib/osx/libfmodex.dylib \"$TARGET_BUILD_DIR/$PRODUCT_NAME.app/Contents/MacOS/libfmodex.dylib\"; install_name_tool -change ./libfmodex.dylib @executable_path/libfmodex.dylib \"$TARGET_BUILD_DIR/$PRODUCT_NAME.app/Contents/MacOS/$PRODUCT_NAME\";\nmkdir -p \"$TARGET_BUILD_DIR/$PRODUCT_NAME.app/Contents/Resources/\"\ncp -f \"$ICON_FILE\" \"$TARGET_BUILD_DIR/$PRODUCT_NAME.app/Contents/Resources/\"\n";
		};
/* End PBXShellScriptBuildPhase section */

/* Begin PBXSourcesBuildPhase section */
		E4B69B580A3A1756003C02F2 /* Sources */ = {
			isa = PBXSourcesBuildPhase;
			buildActionMask = 2147483647;
			files = (
				E4B69E200A3A1BDC003C02F2 /* main.cpp in Sources */,
				4b14cedcc7195a4d1f8e28b4f9635a89 /* ofApp.cpp in Sources */,
				3bfc7cf50beb0307821b90a6d3ea98cd /* lz4.c in Sources */,
				d932a5a24fcf08ae510a265d01807a32 /* ByteBuffer.cpp in Sources */,
				66a80fd312926deb8c9fe7f6f2faa063 /* ByteBufferUtils.cpp in Sources */,
				93640c223a2f5bead6da2e35071b167e /* Compression.cpp in Sources */,
				cdb5b1d2d12f42502906f30f46736926 /* DeviceFilter.cpp in Sources */,
				84fed53b4ceb4c25c00e172b77176df1 /* DirectoryFilter.cpp in Sources */,
				cefd3ccab8b3251dfcaaa0ee9e26c62a /* DirectoryUtils.cpp in Sources */,
				be177617474f11f05e9260fc7f73d21c /* DirectoryWatcherManager.cpp in Sources */,
				ee3a0581bc0ed0fb1041c3be8237891e /* Encoding.cpp in Sources */,
				5bb82711925a3764235c2ceb757c45d5 /* FileExtensionFilter.cpp in Sources */,
				b3e6d60405574847412d7441c2743467 /* HiddenFileFilter.cpp in Sources */,
				86b56e23d787a5f24641398fd393657d /* LinkFilter.cpp in Sources */,
				b7e0003b826cba379a3f66e51f36f6b8 /* PathFilterCollection.cpp in Sources */,
				3c9a355a55d68a8e882fef85fa1ef587 /* RegexPathFilter.cpp in Sources */,
				1cc07c1a616f29eb8eec3d21fc4303e8 /* SearchPath.cpp in Sources */,
				51667194330cbd16f8345b692ff776f3 /* DirectoryWatcher.cpp in Sources */,
				bfb6c2dabb7995e4e5a30dd41b942c7e /* RecursiveDirectoryIterator.cpp in Sources */,
				ca92728f8f4d9f34c80adc58ffe32cab /* RecursiveDirectoryIteratorStategies.cpp in Sources */,
				d81a435ce7fdf51b41956210fe74ee12 /* snappy-sinksource.cc in Sources */,
				1298066d39ce7ec3da60256aa224cf4b /* snappy-stubs-internal.cc in Sources */,
				868bedc19b53fd512d7e3100bcae13c5 /* snappy.cc in Sources */,
			);
			runOnlyForDeploymentPostprocessing = 0;
		};
/* End PBXSourcesBuildPhase section */

/* Begin PBXTargetDependency section */
		E4EEB9AC138B136A00A80321 /* PBXTargetDependency */ = {
			isa = PBXTargetDependency;
			name = openFrameworks;
			targetProxy = E4EEB9AB138B136A00A80321 /* PBXContainerItemProxy */;
		};
/* End PBXTargetDependency section */

/* Begin XCBuildConfiguration section */
		E4B69B4E0A3A1720003C02F2 /* Debug */ = {
			isa = XCBuildConfiguration;
			baseConfigurationReference = E4EB6923138AFD0F00A09F29 /* Project.xcconfig */;
			buildSettings = {
				ARCHS = "$(NATIVE_ARCH)";
				CONFIGURATION_BUILD_DIR = "$(SRCROOT)/bin/";
				COPY_PHASE_STRIP = NO;
				DEAD_CODE_STRIPPING = YES;
				GCC_AUTO_VECTORIZATION = YES;
				GCC_ENABLE_SSE3_EXTENSIONS = YES;
				GCC_ENABLE_SUPPLEMENTAL_SSE3_INSTRUCTIONS = YES;
				GCC_INLINES_ARE_PRIVATE_EXTERN = NO;
				GCC_OPTIMIZATION_LEVEL = 0;
				GCC_SYMBOLS_PRIVATE_EXTERN = NO;
				GCC_WARN_ABOUT_DEPRECATED_FUNCTIONS = YES;
				GCC_WARN_ABOUT_INVALID_OFFSETOF_MACRO = NO;
				GCC_WARN_ALLOW_INCOMPLETE_PROTOCOL = NO;
				GCC_WARN_UNINITIALIZED_AUTOS = NO;
				GCC_WARN_UNUSED_VALUE = NO;
				GCC_WARN_UNUSED_VARIABLE = NO;
				HEADER_SEARCH_PATHS = (
					"$(OF_CORE_HEADERS)",
					src,
					../../../addons/ofxIO/libs,
					../../../addons/ofxIO/libs/Poco,
					../../../addons/ofxIO/libs/Poco/Foundation,
					../../../addons/ofxIO/libs/Poco/Foundation/include,
					../../../addons/ofxIO/libs/Poco/Foundation/include/Poco,
					../../../addons/ofxIO/libs/Poco/JSON,
					../../../addons/ofxIO/libs/Poco/JSON/include,
					../../../addons/ofxIO/libs/Poco/JSON/include/Poco,
					../../../addons/ofxIO/libs/Poco/JSON/include/Poco/JSON,
					../../../addons/ofxIO/libs/Poco/JSON/src,
					../../../addons/ofxIO/libs/Poco/src,
					../../../addons/ofxIO/libs/alphanum,
					../../../addons/ofxIO/libs/alphanum/include,
					../../../addons/ofxIO/libs/lz4,
					../../../addons/ofxIO/libs/lz4/src,
					../../../addons/ofxIO/libs/ofxIO,
					../../../addons/ofxIO/libs/ofxIO/JSON,
					../../../addons/ofxIO/libs/ofxIO/JSON/include,
					../../../addons/ofxIO/libs/ofxIO/JSON/include/ofx,
					../../../addons/ofxIO/libs/ofxIO/JSON/include/ofx/IO,
					../../../addons/ofxIO/libs/ofxIO/JSON/include/ofx/IO/JSON,
					../../../addons/ofxIO/libs/ofxIO/include,
					../../../addons/ofxIO/libs/ofxIO/include/ofx,
					../../../addons/ofxIO/libs/ofxIO/include/ofx/IO,
					../../../addons/ofxIO/libs/ofxIO/src,
					../../../addons/ofxIO/libs/snappy,
					../../../addons/ofxIO/libs/snappy/src,
					../../../addons/ofxIO/src,
				);
				MACOSX_DEPLOYMENT_TARGET = 10.6;
				OTHER_CPLUSPLUSFLAGS = (
					"-D__MACOSX_CORE__",
					"-lpthread",
					"-mtune=native",
				);
				SDKROOT = macosx;
			};
			name = Debug;
		};
		E4B69B4F0A3A1720003C02F2 /* Release */ = {
			isa = XCBuildConfiguration;
			baseConfigurationReference = E4EB6923138AFD0F00A09F29 /* Project.xcconfig */;
			buildSettings = {
				ARCHS = "$(NATIVE_ARCH)";
				CONFIGURATION_BUILD_DIR = "$(SRCROOT)/bin/";
				COPY_PHASE_STRIP = YES;
				DEAD_CODE_STRIPPING = YES;
				GCC_AUTO_VECTORIZATION = YES;
				GCC_ENABLE_SSE3_EXTENSIONS = YES;
				GCC_ENABLE_SUPPLEMENTAL_SSE3_INSTRUCTIONS = YES;
				GCC_INLINES_ARE_PRIVATE_EXTERN = NO;
				GCC_OPTIMIZATION_LEVEL = 3;
				GCC_SYMBOLS_PRIVATE_EXTERN = NO;
				GCC_UNROLL_LOOPS = YES;
				GCC_WARN_ABOUT_DEPRECATED_FUNCTIONS = YES;
				GCC_WARN_ABOUT_INVALID_OFFSETOF_MACRO = NO;
				GCC_WARN_ALLOW_INCOMPLETE_PROTOCOL = NO;
				GCC_WARN_UNINITIALIZED_AUTOS = NO;
				GCC_WARN_UNUSED_VALUE = NO;
				GCC_WARN_UNUSED_VARIABLE = NO;
				HEADER_SEARCH_PATHS = (
					"$(OF_CORE_HEADERS)",
					src,
					../../../addons/ofxIO/libs,
					../../../addons/ofxIO/libs/Poco,
					../../../addons/ofxIO/libs/Poco/Foundation,
					../../../addons/ofxIO/libs/Poco/Foundation/include,
					../../../addons/ofxIO/libs/Poco/Foundation/include/Poco,
					../../../addons/ofxIO/libs/Poco/JSON,
					../../../addons/ofxIO/libs/Poco/JSON/include,
					../../../addons/ofxIO/libs/Poco/JSON/include/Poco,
					../../../addons/ofxIO/libs/Poco/JSON/include/Poco/JSON,
					../../../addons/ofxIO/libs/Poco/JSON/src,
					../../../addons/ofxIO/libs/Poco/src,
					../../../addons/ofxIO/libs/alphanum,
					../../../addons/ofxIO/libs/alphanum/include,
					../../../addons/ofxIO/libs/lz4,
					../../../addons/ofxIO/libs/lz4/src,
					../../../addons/ofxIO/libs/ofxIO,
					../../../addons/ofxIO/libs/ofxIO/JSON,
					../../../addons/ofxIO/libs/ofxIO/JSON/include,
					../../../addons/ofxIO/libs/ofxIO/JSON/include/ofx,
					../../../addons/ofxIO/libs/ofxIO/JSON/include/ofx/IO,
					../../../addons/ofxIO/libs/ofxIO/JSON/include/ofx/IO/JSON,
					../../../addons/ofxIO/libs/ofxIO/include,
					../../../addons/ofxIO/libs/ofxIO/include/ofx,
					../../../addons/ofxIO/libs/ofxIO/include/ofx/IO,
					../../../addons/ofxIO/libs/ofxIO/src,
					../../../addons/ofxIO/libs/snappy,
					../../../addons/ofxIO/libs/snappy/src,
					../../../addons/ofxIO/src,
				);
				MACOSX_DEPLOYMENT_TARGET = 10.6;
				OTHER_CPLUSPLUSFLAGS = (
					"-D__MACOSX_CORE__",
					"-lpthread",
					"-mtune=native",
				);
				SDKROOT = macosx;
			};
			name = Release;
		};
		E4B69B600A3A1757003C02F2 /* Debug */ = {
			isa = XCBuildConfiguration;
			buildSettings = {
				COMBINE_HIDPI_IMAGES = YES;
				COPY_PHASE_STRIP = NO;
				FRAMEWORK_SEARCH_PATHS = (
					"$(inherited)",
					"$(FRAMEWORK_SEARCH_PATHS_QUOTED_FOR_TARGET_1)",
				);
				FRAMEWORK_SEARCH_PATHS_QUOTED_FOR_TARGET_1 = "\"$(SRCROOT)/../../../libs/glut/lib/osx\"";
				GCC_DYNAMIC_NO_PIC = NO;
				GCC_GENERATE_DEBUGGING_SYMBOLS = YES;
				GCC_MODEL_TUNING = NONE;
				ICON = "$(ICON_NAME_DEBUG)";
				ICON_FILE = "$(ICON_FILE_PATH)$(ICON)";
				INFOPLIST_FILE = "openFrameworks-Info.plist";
				INSTALL_PATH = "$(HOME)/Applications";
				LIBRARY_SEARCH_PATHS = (
					"$(inherited)",
					"$(LIBRARY_SEARCH_PATHS_QUOTED_FOR_TARGET_1)",
					"$(LIBRARY_SEARCH_PATHS_QUOTED_FOR_TARGET_2)",
					"$(LIBRARY_SEARCH_PATHS_QUOTED_FOR_TARGET_3)",
					"$(LIBRARY_SEARCH_PATHS_QUOTED_FOR_TARGET_4)",
					"$(LIBRARY_SEARCH_PATHS_QUOTED_FOR_TARGET_5)",
					"$(LIBRARY_SEARCH_PATHS_QUOTED_FOR_TARGET_6)",
					"$(LIBRARY_SEARCH_PATHS_QUOTED_FOR_TARGET_7)",
					"$(LIBRARY_SEARCH_PATHS_QUOTED_FOR_TARGET_8)",
					"$(LIBRARY_SEARCH_PATHS_QUOTED_FOR_TARGET_9)",
					"$(LIBRARY_SEARCH_PATHS_QUOTED_FOR_TARGET_10)",
					"$(LIBRARY_SEARCH_PATHS_QUOTED_FOR_TARGET_11)",
					"$(LIBRARY_SEARCH_PATHS_QUOTED_FOR_TARGET_12)",
					"$(LIBRARY_SEARCH_PATHS_QUOTED_FOR_TARGET_13)",
					"$(LIBRARY_SEARCH_PATHS_QUOTED_FOR_TARGET_14)",
					"$(LIBRARY_SEARCH_PATHS_QUOTED_FOR_TARGET_15)",
					"$(LIBRARY_SEARCH_PATHS_QUOTED_FOR_TARGET_2)",
					"$(LIBRARY_SEARCH_PATHS_QUOTED_FOR_TARGET_3)",
					"$(LIBRARY_SEARCH_PATHS_QUOTED_FOR_TARGET_7)",
					"$(LIBRARY_SEARCH_PATHS_QUOTED_FOR_TARGET_8)",
					"$(LIBRARY_SEARCH_PATHS_QUOTED_FOR_TARGET_9)",
					"$(LIBRARY_SEARCH_PATHS_QUOTED_FOR_TARGET_10)",
					"$(LIBRARY_SEARCH_PATHS_QUOTED_FOR_TARGET_11)",
					"$(LIBRARY_SEARCH_PATHS_QUOTED_FOR_TARGET_12)",
					"$(LIBRARY_SEARCH_PATHS_QUOTED_FOR_TARGET_13)",
					"$(LIBRARY_SEARCH_PATHS_QUOTED_FOR_TARGET_16)",
					"$(LIBRARY_SEARCH_PATHS_QUOTED_FOR_TARGET_17)",
					"$(LIBRARY_SEARCH_PATHS_QUOTED_FOR_TARGET_18)",
					"$(LIBRARY_SEARCH_PATHS_QUOTED_FOR_TARGET_19)",
					"$(LIBRARY_SEARCH_PATHS_QUOTED_FOR_TARGET_20)",
					"$(LIBRARY_SEARCH_PATHS_QUOTED_FOR_TARGET_21)",
					"$(LIBRARY_SEARCH_PATHS_QUOTED_FOR_TARGET_22)",
					"$(LIBRARY_SEARCH_PATHS_QUOTED_FOR_TARGET_23)",
					"$(LIBRARY_SEARCH_PATHS_QUOTED_FOR_TARGET_24)",
					"$(LIBRARY_SEARCH_PATHS_QUOTED_FOR_TARGET_25)",
					"$(LIBRARY_SEARCH_PATHS_QUOTED_FOR_TARGET_26)",
					"$(LIBRARY_SEARCH_PATHS_QUOTED_FOR_TARGET_27)",
					"$(LIBRARY_SEARCH_PATHS_QUOTED_FOR_TARGET_28)",
					"$(LIBRARY_SEARCH_PATHS_QUOTED_FOR_TARGET_29)",
					"$(LIBRARY_SEARCH_PATHS_QUOTED_FOR_TARGET_30)",
					"$(LIBRARY_SEARCH_PATHS_QUOTED_FOR_TARGET_31)",
					"$(LIBRARY_SEARCH_PATHS_QUOTED_FOR_TARGET_32)",
					"$(LIBRARY_SEARCH_PATHS_QUOTED_FOR_TARGET_33)",
					"$(LIBRARY_SEARCH_PATHS_QUOTED_FOR_TARGET_34)",
					"$(LIBRARY_SEARCH_PATHS_QUOTED_FOR_TARGET_35)",
					"$(LIBRARY_SEARCH_PATHS_QUOTED_FOR_TARGET_36)",
					"$(LIBRARY_SEARCH_PATHS_QUOTED_FOR_TARGET_37)",
					"$(LIBRARY_SEARCH_PATHS_QUOTED_FOR_TARGET_38)",
					"$(LIBRARY_SEARCH_PATHS_QUOTED_FOR_TARGET_39)",
					"$(LIBRARY_SEARCH_PATHS_QUOTED_FOR_TARGET_40)",
					"$(LIBRARY_SEARCH_PATHS_QUOTED_FOR_TARGET_41)",
					"$(LIBRARY_SEARCH_PATHS_QUOTED_FOR_TARGET_42)",
					"$(LIBRARY_SEARCH_PATHS_QUOTED_FOR_TARGET_43)",
					"$(LIBRARY_SEARCH_PATHS_QUOTED_FOR_TARGET_44)",
					"$(LIBRARY_SEARCH_PATHS_QUOTED_FOR_TARGET_45)",
					"$(LIBRARY_SEARCH_PATHS_QUOTED_FOR_TARGET_46)",
					"$(LIBRARY_SEARCH_PATHS_QUOTED_FOR_TARGET_47)",
					"$(LIBRARY_SEARCH_PATHS_QUOTED_FOR_TARGET_48)",
					"$(LIBRARY_SEARCH_PATHS_QUOTED_FOR_TARGET_49)",
					"$(LIBRARY_SEARCH_PATHS_QUOTED_FOR_TARGET_50)",
					"$(LIBRARY_SEARCH_PATHS_QUOTED_FOR_TARGET_51)",
					"$(LIBRARY_SEARCH_PATHS_QUOTED_FOR_TARGET_52)",
				);
				PRODUCT_NAME = "$(TARGET_NAME)Debug";
				WRAPPER_EXTENSION = app;
			};
			name = Debug;
		};
		E4B69B610A3A1757003C02F2 /* Release */ = {
			isa = XCBuildConfiguration;
			buildSettings = {
				COMBINE_HIDPI_IMAGES = YES;
				COPY_PHASE_STRIP = YES;
				FRAMEWORK_SEARCH_PATHS = (
					"$(inherited)",
					"$(FRAMEWORK_SEARCH_PATHS_QUOTED_FOR_TARGET_1)",
				);
				FRAMEWORK_SEARCH_PATHS_QUOTED_FOR_TARGET_1 = "\"$(SRCROOT)/../../../libs/glut/lib/osx\"";
				GCC_GENERATE_DEBUGGING_SYMBOLS = YES;
				GCC_MODEL_TUNING = NONE;
				ICON = "$(ICON_NAME_RELEASE)";
				ICON_FILE = "$(ICON_FILE_PATH)$(ICON)";
				INFOPLIST_FILE = "openFrameworks-Info.plist";
				INSTALL_PATH = "$(HOME)/Applications";
				LIBRARY_SEARCH_PATHS = (
					"$(inherited)",
					"$(LIBRARY_SEARCH_PATHS_QUOTED_FOR_TARGET_1)",
					"$(LIBRARY_SEARCH_PATHS_QUOTED_FOR_TARGET_2)",
					"$(LIBRARY_SEARCH_PATHS_QUOTED_FOR_TARGET_3)",
					"$(LIBRARY_SEARCH_PATHS_QUOTED_FOR_TARGET_4)",
					"$(LIBRARY_SEARCH_PATHS_QUOTED_FOR_TARGET_5)",
					"$(LIBRARY_SEARCH_PATHS_QUOTED_FOR_TARGET_6)",
					"$(LIBRARY_SEARCH_PATHS_QUOTED_FOR_TARGET_7)",
					"$(LIBRARY_SEARCH_PATHS_QUOTED_FOR_TARGET_8)",
					"$(LIBRARY_SEARCH_PATHS_QUOTED_FOR_TARGET_9)",
					"$(LIBRARY_SEARCH_PATHS_QUOTED_FOR_TARGET_10)",
					"$(LIBRARY_SEARCH_PATHS_QUOTED_FOR_TARGET_11)",
					"$(LIBRARY_SEARCH_PATHS_QUOTED_FOR_TARGET_12)",
					"$(LIBRARY_SEARCH_PATHS_QUOTED_FOR_TARGET_13)",
					"$(LIBRARY_SEARCH_PATHS_QUOTED_FOR_TARGET_14)",
					"$(LIBRARY_SEARCH_PATHS_QUOTED_FOR_TARGET_15)",
					"$(LIBRARY_SEARCH_PATHS_QUOTED_FOR_TARGET_2)",
					"$(LIBRARY_SEARCH_PATHS_QUOTED_1)",
					"$(LIBRARY_SEARCH_PATHS_QUOTED_FOR_TARGET_3)",
					"$(LIBRARY_SEARCH_PATHS_QUOTED_FOR_TARGET_7)",
					"$(LIBRARY_SEARCH_PATHS_QUOTED_FOR_TARGET_8)",
					"$(LIBRARY_SEARCH_PATHS_QUOTED_FOR_TARGET_9)",
					"$(LIBRARY_SEARCH_PATHS_QUOTED_FOR_TARGET_10)",
					"$(LIBRARY_SEARCH_PATHS_QUOTED_FOR_TARGET_11)",
					"$(LIBRARY_SEARCH_PATHS_QUOTED_FOR_TARGET_12)",
					"$(LIBRARY_SEARCH_PATHS_QUOTED_FOR_TARGET_13)",
					"$(LIBRARY_SEARCH_PATHS_QUOTED_FOR_TARGET_16)",
					"$(LIBRARY_SEARCH_PATHS_QUOTED_FOR_TARGET_17)",
					"$(LIBRARY_SEARCH_PATHS_QUOTED_FOR_TARGET_18)",
					"$(LIBRARY_SEARCH_PATHS_QUOTED_FOR_TARGET_19)",
					"$(LIBRARY_SEARCH_PATHS_QUOTED_FOR_TARGET_20)",
					"$(LIBRARY_SEARCH_PATHS_QUOTED_FOR_TARGET_21)",
					"$(LIBRARY_SEARCH_PATHS_QUOTED_FOR_TARGET_22)",
					"$(LIBRARY_SEARCH_PATHS_QUOTED_FOR_TARGET_23)",
					"$(LIBRARY_SEARCH_PATHS_QUOTED_FOR_TARGET_24)",
					"$(LIBRARY_SEARCH_PATHS_QUOTED_FOR_TARGET_25)",
					"$(LIBRARY_SEARCH_PATHS_QUOTED_FOR_TARGET_26)",
					"$(LIBRARY_SEARCH_PATHS_QUOTED_FOR_TARGET_27)",
					"$(LIBRARY_SEARCH_PATHS_QUOTED_FOR_TARGET_28)",
					"$(LIBRARY_SEARCH_PATHS_QUOTED_FOR_TARGET_29)",
					"$(LIBRARY_SEARCH_PATHS_QUOTED_FOR_TARGET_30)",
					"$(LIBRARY_SEARCH_PATHS_QUOTED_FOR_TARGET_31)",
					"$(LIBRARY_SEARCH_PATHS_QUOTED_FOR_TARGET_32)",
					"$(LIBRARY_SEARCH_PATHS_QUOTED_FOR_TARGET_33)",
					"$(LIBRARY_SEARCH_PATHS_QUOTED_FOR_TARGET_34)",
					"$(LIBRARY_SEARCH_PATHS_QUOTED_FOR_TARGET_35)",
					"$(LIBRARY_SEARCH_PATHS_QUOTED_FOR_TARGET_36)",
					"$(LIBRARY_SEARCH_PATHS_QUOTED_FOR_TARGET_37)",
					"$(LIBRARY_SEARCH_PATHS_QUOTED_FOR_TARGET_38)",
					"$(LIBRARY_SEARCH_PATHS_QUOTED_FOR_TARGET_39)",
					"$(LIBRARY_SEARCH_PATHS_QUOTED_FOR_TARGET_40)",
					"$(LIBRARY_SEARCH_PATHS_QUOTED_FOR_TARGET_41)",
					"$(LIBRARY_SEARCH_PATHS_QUOTED_FOR_TARGET_42)",
					"$(LIBRARY_SEARCH_PATHS_QUOTED_FOR_TARGET_43)",
					"$(LIBRARY_SEARCH_PATHS_QUOTED_FOR_TARGET_44)",
					"$(LIBRARY_SEARCH_PATHS_QUOTED_FOR_TARGET_45)",
					"$(LIBRARY_SEARCH_PATHS_QUOTED_FOR_TARGET_46)",
					"$(LIBRARY_SEARCH_PATHS_QUOTED_FOR_TARGET_47)",
					"$(LIBRARY_SEARCH_PATHS_QUOTED_FOR_TARGET_48)",
					"$(LIBRARY_SEARCH_PATHS_QUOTED_FOR_TARGET_49)",
					"$(LIBRARY_SEARCH_PATHS_QUOTED_FOR_TARGET_50)",
					"$(LIBRARY_SEARCH_PATHS_QUOTED_FOR_TARGET_51)",
				);
				PRODUCT_NAME = "$(TARGET_NAME)";
				WRAPPER_EXTENSION = app;
			};
			name = Release;
		};
/* End XCBuildConfiguration section */

/* Begin XCConfigurationList section */
		E4B69B4D0A3A1720003C02F2 /* Build configuration list for PBXProject "example_directory_list" */ = {
			isa = XCConfigurationList;
			buildConfigurations = (
				E4B69B4E0A3A1720003C02F2 /* Debug */,
				E4B69B4F0A3A1720003C02F2 /* Release */,
			);
			defaultConfigurationIsVisible = 0;
			defaultConfigurationName = Release;
		};
		E4B69B5F0A3A1757003C02F2 /* Build configuration list for PBXNativeTarget "example_directory_list" */ = {
			isa = XCConfigurationList;
			buildConfigurations = (
				E4B69B600A3A1757003C02F2 /* Debug */,
				E4B69B610A3A1757003C02F2 /* Release */,
			);
			defaultConfigurationIsVisible = 0;
			defaultConfigurationName = Release;
		};
/* End XCConfigurationList section */
	};
	rootObject = E4B69B4C0A3A1720003C02F2 /* Project object */;
}
